Microsoft Visual Studio Solution File, Format Version 12.00
# Visual Studio Version 16
VisualStudioVersion = 16.0.29411.108
MinimumVisualStudioVersion = 10.0.40219.1
Project("{9A19103F-16F7-4668-BE54-9A1E7A4F7556}") = "TestClient", "TestClient\TestClient.csproj", "{96D988AF-661C-40F1-AC40-FD73EBC03EC5}"
EndProject
Project("{9A19103F-16F7-4668-BE54-9A1E7A4F7556}") = "WizdomClient", "WizdomClient\WizdomClient.csproj", "{CA373968-4AD9-426E-961B-F3E265D371E0}"
EndProject
Project("{2150E333-8FDC-42A3-9474-1A3956D46DE8}") = "Solution Items", "Solution Items", "{5B6ECF49-9FA9-4329-8575-59CAD1ABE0A4}"
	ProjectSection(SolutionItems) = preProject
		ReadMe.txt = ReadMe.txt
	EndProjectSection
EndProject
Global
	GlobalSection(SolutionConfigurationPlatforms) = preSolution
		Debug|Any CPU = Debug|Any CPU
		Release|Any CPU = Release|Any CPU
	EndGlobalSection
	GlobalSection(ProjectConfigurationPlatforms) = postSolution
		{96D988AF-661C-40F1-AC40-FD73EBC03EC5}.Debug|Any CPU.ActiveCfg = Debug|Any CPU
		{96D988AF-661C-40F1-AC40-FD73EBC03EC5}.Debug|Any CPU.Build.0 = Debug|Any CPU
		{96D988AF-661C-40F1-AC40-FD73EBC03EC5}.Release|Any CPU.ActiveCfg = Release|Any CPU
		{96D988AF-661C-40F1-AC40-FD73EBC03EC5}.Release|Any CPU.Build.0 = Release|Any CPU
		{CA373968-4AD9-426E-961B-F3E265D371E0}.Debug|Any CPU.ActiveCfg = Debug|Any CPU
		{CA373968-4AD9-426E-961B-F3E265D371E0}.Debug|Any CPU.Build.0 = Debug|Any CPU
		{CA373968-4AD9-426E-961B-F3E265D371E0}.Release|Any CPU.ActiveCfg = Release|Any CPU
		{CA373968-4AD9-426E-961B-F3E265D371E0}.Release|Any CPU.Build.0 = Release|Any CPU
	EndGlobalSection
	GlobalSection(SolutionProperties) = preSolution
		HideSolutionNode = FALSE
	EndGlobalSection
	GlobalSection(ExtensibilityGlobals) = postSolution
		SolutionGuid = {CF84F7F5-7837-4F61-B80E-4919F7B008CF}
	EndGlobalSection
EndGlobal
